
Microsoft Visual Studio Solution File, Format Version 12.00
# Visual Studio 2012
Project("{FAE04EC0-301F-11D3-BF4B-00C04F79EFBC}") = "BollerTuneZ", "BollerTuneZ.csproj", "{8A543466-29E1-4947-87E2-D54AF8362514}"
EndProject
Project("{2150E333-8FDC-42A3-9474-1A3956D46DE8}") = "Common", "Common", "{78D1EA40-CB83-42A3-9283-F909F5998070}"
EndProject
Project("{FAE04EC0-301F-11D3-BF4B-00C04F79EFBC}") = "BTZ.Common", "..\BollerTuneZOS\BTZ.Server\BTZ.Common\BTZ.Common.csproj", "{AE9AA53D-62D8-4791-A58C-58525AD6A4EB}"
EndProject
Project("{FAE04EC0-301F-11D3-BF4B-00C04F79EFBC}") = "BTZ.App.Infrastructure", "BTZ.App.Infrastructure\BTZ.App.Infrastructure.csproj", "{C71C0213-38C2-47A0-AD90-B9AE194A78BB}"
EndProject
Project("{FAE04EC0-301F-11D3-BF4B-00C04F79EFBC}") = "BTZ.App.DataAccess", "BTZ.App.DataAccess\BTZ.App.DataAccess.csproj", "{5A5BF698-3E87-433D-86F1-A5D03B20F7D4}"
EndProject
Project("{FAE04EC0-301F-11D3-BF4B-00C04F79EFBC}") = "BTZ.App.Data", "BTZ.App.Data\BTZ.App.Data.csproj", "{44088ABD-A64D-4A97-9739-022FBA55FBDF}"
EndProject
Project("{FAE04EC0-301F-11D3-BF4B-00C04F79EFBC}") = "BTZ.App.Communication", "BTZ.App.Communication\BTZ.App.Communication.csproj", "{52A5DFB3-2139-4E81-A0BA-8DC842FE62C0}"
EndProject
Global
	GlobalSection(SolutionConfigurationPlatforms) = preSolution
		Debug|Any CPU = Debug|Any CPU
		Release|Any CPU = Release|Any CPU
	EndGlobalSection
	GlobalSection(ProjectConfigurationPlatforms) = postSolution
		{44088ABD-A64D-4A97-9739-022FBA55FBDF}.Debug|Any CPU.ActiveCfg = Debug|Any CPU
		{44088ABD-A64D-4A97-9739-022FBA55FBDF}.Debug|Any CPU.Build.0 = Debug|Any CPU
		{44088ABD-A64D-4A97-9739-022FBA55FBDF}.Release|Any CPU.ActiveCfg = Release|Any CPU
		{44088ABD-A64D-4A97-9739-022FBA55FBDF}.Release|Any CPU.Build.0 = Release|Any CPU
		{52A5DFB3-2139-4E81-A0BA-8DC842FE62C0}.Debug|Any CPU.ActiveCfg = Debug|Any CPU
		{52A5DFB3-2139-4E81-A0BA-8DC842FE62C0}.Debug|Any CPU.Build.0 = Debug|Any CPU
		{52A5DFB3-2139-4E81-A0BA-8DC842FE62C0}.Release|Any CPU.ActiveCfg = Release|Any CPU
		{52A5DFB3-2139-4E81-A0BA-8DC842FE62C0}.Release|Any CPU.Build.0 = Release|Any CPU
		{5A5BF698-3E87-433D-86F1-A5D03B20F7D4}.Debug|Any CPU.ActiveCfg = Debug|Any CPU
		{5A5BF698-3E87-433D-86F1-A5D03B20F7D4}.Debug|Any CPU.Build.0 = Debug|Any CPU
		{5A5BF698-3E87-433D-86F1-A5D03B20F7D4}.Release|Any CPU.ActiveCfg = Release|Any CPU
		{5A5BF698-3E87-433D-86F1-A5D03B20F7D4}.Release|Any CPU.Build.0 = Release|Any CPU
		{8A543466-29E1-4947-87E2-D54AF8362514}.Debug|Any CPU.ActiveCfg = Debug|Any CPU
		{8A543466-29E1-4947-87E2-D54AF8362514}.Debug|Any CPU.Build.0 = Debug|Any CPU
		{8A543466-29E1-4947-87E2-D54AF8362514}.Release|Any CPU.ActiveCfg = Release|Any CPU
		{8A543466-29E1-4947-87E2-D54AF8362514}.Release|Any CPU.Build.0 = Release|Any CPU
		{AE9AA53D-62D8-4791-A58C-58525AD6A4EB}.Debug|Any CPU.ActiveCfg = Debug|Any CPU
		{AE9AA53D-62D8-4791-A58C-58525AD6A4EB}.Debug|Any CPU.Build.0 = Debug|Any CPU
		{AE9AA53D-62D8-4791-A58C-58525AD6A4EB}.Release|Any CPU.ActiveCfg = Release|Any CPU
		{AE9AA53D-62D8-4791-A58C-58525AD6A4EB}.Release|Any CPU.Build.0 = Release|Any CPU
		{C71C0213-38C2-47A0-AD90-B9AE194A78BB}.Debug|Any CPU.ActiveCfg = Debug|Any CPU
		{C71C0213-38C2-47A0-AD90-B9AE194A78BB}.Debug|Any CPU.Build.0 = Debug|Any CPU
		{C71C0213-38C2-47A0-AD90-B9AE194A78BB}.Release|Any CPU.ActiveCfg = Release|Any CPU
		{C71C0213-38C2-47A0-AD90-B9AE194A78BB}.Release|Any CPU.Build.0 = Release|Any CPU
	EndGlobalSection
	GlobalSection(NestedProjects) = preSolution
		{AE9AA53D-62D8-4791-A58C-58525AD6A4EB} = {78D1EA40-CB83-42A3-9283-F909F5998070}
	EndGlobalSection
EndGlobal
